
Microsoft Visual Studio Solution File, Format Version 12.00
# Visual Studio Version 17
VisualStudioVersion = 17.6.33829.357
MinimumVisualStudioVersion = 10.0.40219.1
Project("{9A19103F-16F7-4668-BE54-9A1E7A4F7556}") = "Mod12", "Mod12\Mod12.csproj", "{B51997D3-82CC-49E7-85C6-3C3F105CB85B}"
EndProject
Project("{9A19103F-16F7-4668-BE54-9A1E7A4F7556}") = "sessionDemo", "sessionDemo\sessionDemo.csproj", "{03E630D9-661A-4871-9914-244F4BA1ED34}"
EndProject
Project("{9A19103F-16F7-4668-BE54-9A1E7A4F7556}") = "SignalR", "SignalR\SignalR.csproj", "{3151013D-F9DB-4B53-AA56-F2E7E772AE8D}"
EndProject
Global
	GlobalSection(SolutionConfigurationPlatforms) = preSolution
		Debug|Any CPU = Debug|Any CPU
		Release|Any CPU = Release|Any CPU
	EndGlobalSection
	GlobalSection(ProjectConfigurationPlatforms) = postSolution
		{B51997D3-82CC-49E7-85C6-3C3F105CB85B}.Debug|Any CPU.ActiveCfg = Debug|Any CPU
		{B51997D3-82CC-49E7-85C6-3C3F105CB85B}.Debug|Any CPU.Build.0 = Debug|Any CPU
		{B51997D3-82CC-49E7-85C6-3C3F105CB85B}.Release|Any CPU.ActiveCfg = Release|Any CPU
		{B51997D3-82CC-49E7-85C6-3C3F105CB85B}.Release|Any CPU.Build.0 = Release|Any CPU
		{03E630D9-661A-4871-9914-244F4BA1ED34}.Debug|Any CPU.ActiveCfg = Debug|Any CPU
		{03E630D9-661A-4871-9914-244F4BA1ED34}.Debug|Any CPU.Build.0 = Debug|Any CPU
		{03E630D9-661A-4871-9914-244F4BA1ED34}.Release|Any CPU.ActiveCfg = Release|Any CPU
		{03E630D9-661A-4871-9914-244F4BA1ED34}.Release|Any CPU.Build.0 = Release|Any CPU
		{3151013D-F9DB-4B53-AA56-F2E7E772AE8D}.Debug|Any CPU.ActiveCfg = Debug|Any CPU
		{3151013D-F9DB-4B53-AA56-F2E7E772AE8D}.Debug|Any CPU.Build.0 = Debug|Any CPU
		{3151013D-F9DB-4B53-AA56-F2E7E772AE8D}.Release|Any CPU.ActiveCfg = Release|Any CPU
		{3151013D-F9DB-4B53-AA56-F2E7E772AE8D}.Release|Any CPU.Build.0 = Release|Any CPU
	EndGlobalSection
	GlobalSection(SolutionProperties) = preSolution
		HideSolutionNode = FALSE
	EndGlobalSection
	GlobalSection(ExtensibilityGlobals) = postSolution
		SolutionGuid = {374D148D-325E-418F-8F0E-190E76D92911}
	EndGlobalSection
EndGlobal
